{
  "name": "cljs-fiddle",
  "version": "1.0.0",
  "lockfileVersion": 3,
  "requires": true,
  "packages": {
    "": {
      "name": "cljs-fiddle",
      "version": "1.0.0",
      "license": "ISC",
      "dependencies": {
        "codemirror": "5.65.20",
        "scittle": "0.8.33"
      }
    },
    "node_modules/codemirror": {
      "version": "5.65.20",
      "resolved": "https://registry.npmjs.org/codemirror/-/codemirror-5.65.20.tgz",
      "integrity": "sha512-i5dLDDxwkFCbhjvL2pNjShsojoL3XHyDwsGv1jqETUoW+lzpBKKqNTUWgQwVAOa0tUm4BwekT455ujafi8payA==",
      "license": "MIT"
    },
    "node_modules/scittle": {
      "version": "0.8.33",
      "resolved": "https://registry.npmjs.org/scittle/-/scittle-0.8.33.tgz",
      "integrity": "sha512-XeED9aRtVi0uHStoYn8hBO/dYEMfY7W4BIZkuj1J6MSxeGslfHVlar/hhCkYvA7y1X3ISRg/XqmFoz6pEYUUSQ=="
    }
  }
}
